# This file is automatically @generated by Poetry 1.7.1 and should not be changed by hand.

[[package]]
name = "fasteners"
version = "0.19"
description = "A python package that provides useful locks"
optional = false
python-versions = ">=3.6"
files = [
    {file = "fasteners-0.19-py3-none-any.whl", hash = "sha256:758819cb5d94cdedf4e836988b74de396ceacb8e2794d21f82d131fd9ee77237"},
    {file = "fasteners-0.19.tar.gz", hash = "sha256:b4f37c3ac52d8a445af3a66bce57b33b5e90b97c696b7b984f530cf8f0ded09c"},
]

[metadata]
lock-version = "2.0"
python-versions = "^3.7"
content-hash = "5378a015d65cfb92b08db9aa9b85a4cd17933fbb5c85109562f786f854e7ed3d"
